
Microsoft Visual Studio Solution File, Format Version 12.00
# Visual Studio Version 16
VisualStudioVersion = 16.0.31321.278
MinimumVisualStudioVersion = 10.0.40219.1
Project("{FAE04EC0-301F-11D3-BF4B-00C04F79EFBC}") = "APIDemo", "APIDemo\APIDemo.csproj", "{625EA037-23FF-4667-BFBE-95101512CE65}"
EndProject
Project("{FAE04EC0-301F-11D3-BF4B-00C04F79EFBC}") = "APITest", "APITest\APITest.csproj", "{01619244-387C-43FF-B159-7FA0FE7C428A}"
EndProject
Global
	GlobalSection(SolutionConfigurationPlatforms) = preSolution
		Debug|Any CPU = Debug|Any CPU
		Release|Any CPU = Release|Any CPU
	EndGlobalSection
	GlobalSection(ProjectConfigurationPlatforms) = postSolution
		{625EA037-23FF-4667-BFBE-95101512CE65}.Debug|Any CPU.ActiveCfg = Debug|Any CPU
		{625EA037-23FF-4667-BFBE-95101512CE65}.Debug|Any CPU.Build.0 = Debug|Any CPU
		{625EA037-23FF-4667-BFBE-95101512CE65}.Release|Any CPU.ActiveCfg = Release|Any CPU
		{625EA037-23FF-4667-BFBE-95101512CE65}.Release|Any CPU.Build.0 = Release|Any CPU
		{01619244-387C-43FF-B159-7FA0FE7C428A}.Debug|Any CPU.ActiveCfg = Debug|Any CPU
		{01619244-387C-43FF-B159-7FA0FE7C428A}.Debug|Any CPU.Build.0 = Debug|Any CPU
		{01619244-387C-43FF-B159-7FA0FE7C428A}.Release|Any CPU.ActiveCfg = Release|Any CPU
		{01619244-387C-43FF-B159-7FA0FE7C428A}.Release|Any CPU.Build.0 = Release|Any CPU
	EndGlobalSection
	GlobalSection(SolutionProperties) = preSolution
		HideSolutionNode = FALSE
	EndGlobalSection
	GlobalSection(ExtensibilityGlobals) = postSolution
		SolutionGuid = {2907151C-F291-4CC3-9B04-87B09A98BCCE}
	EndGlobalSection
EndGlobal
